
Microsoft Visual Studio Solution File, Format Version 12.00
# Visual Studio Version 17
VisualStudioVersion = 17.5.002.0
MinimumVisualStudioVersion = 10.0.40219.1
Project("{9A19103F-16F7-4668-BE54-9A1E7A4F7556}") = "server", "server\server.csproj", "{07CF5D93-C0AA-4CAD-8B6D-CAAB1C27F9BF}"
EndProject
Global
	GlobalSection(SolutionConfigurationPlatforms) = preSolution
		Debug|Any CPU = Debug|Any CPU
		Release|Any CPU = Release|Any CPU
	EndGlobalSection
	GlobalSection(ProjectConfigurationPlatforms) = postSolution
		{07CF5D93-C0AA-4CAD-8B6D-CAAB1C27F9BF}.Debug|Any CPU.ActiveCfg = Debug|Any CPU
		{07CF5D93-C0AA-4CAD-8B6D-CAAB1C27F9BF}.Debug|Any CPU.Build.0 = Debug|Any CPU
		{07CF5D93-C0AA-4CAD-8B6D-CAAB1C27F9BF}.Release|Any CPU.ActiveCfg = Release|Any CPU
		{07CF5D93-C0AA-4CAD-8B6D-CAAB1C27F9BF}.Release|Any CPU.Build.0 = Release|Any CPU
	EndGlobalSection
	GlobalSection(SolutionProperties) = preSolution
		HideSolutionNode = FALSE
	EndGlobalSection
	GlobalSection(ExtensibilityGlobals) = postSolution
		SolutionGuid = {FB0A5145-B577-4924-B3D7-B3E0291E7832}
	EndGlobalSection
EndGlobal
